{
  "version": 4,
  "terraform_version": "1.3.7",
  "serial": 5,
  "lineage": "49c4cb47-90a9-c51f-1a38-4bae63f60903",
  "outputs": {},
  "resources": [
    {
      "mode": "managed",
      "type": "azurerm_resource_group",
      "name": "example",
      "provider": "provider[\"registry.terraform.io/hashicorp/azurerm\"]",
      "instances": [
        {
          "schema_version": 0,
          "attributes": {
            "id": "/subscriptions/d01da288-79d1-47ef-8836-a6827f47ea4e/resourceGroups/example-resources",
            "location": "westeurope",
            "name": "example-resources",
            "tags": {},
            "timeouts": null
          },
          "sensitive_attributes": [],
          "private": "eyJlMmJmYjczMC1lY2FhLTExZTYtOGY4OC0zNDM2M2JjN2M0YzAiOnsiY3JlYXRlIjo1NDAwMDAwMDAwMDAwLCJkZWxldGUiOjU0MDAwMDAwMDAwMDAsInJlYWQiOjMwMDAwMDAwMDAwMCwidXBkYXRlIjo1NDAwMDAwMDAwMDAwfX0="
        }
      ]
    },
    {
      "mode": "managed",
      "type": "azurerm_storage_account",
      "name": "example",
      "provider": "provider[\"registry.terraform.io/hashicorp/azurerm\"]",
      "instances": [
        {
          "schema_version": 3,
          "attributes": {
            "access_tier": "Hot",
            "account_kind": "StorageV2",
            "account_replication_type": "GRS",
            "account_tier": "Standard",
            "allow_nested_items_to_be_public": true,
            "azure_files_authentication": [],
            "blob_properties": [
              {
                "change_feed_enabled": false,
                "change_feed_retention_in_days": 0,
                "container_delete_retention_policy": [],
                "cors_rule": [],
                "default_service_version": "",
                "delete_retention_policy": [],
                "last_access_time_enabled": false,
                "restore_policy": [],
                "versioning_enabled": false
              }
            ],
            "cross_tenant_replication_enabled": true,
            "custom_domain": [],
            "customer_managed_key": [],
            "default_to_oauth_authentication": false,
            "edge_zone": "",
            "enable_https_traffic_only": true,
            "id": "/subscriptions/d01da288-79d1-47ef-8836-a6827f47ea4e/resourceGroups/example-resources/providers/Microsoft.Storage/storageAccounts/disknamec9309a353abf587d",
            "identity": [],
            "immutability_policy": [],
            "infrastructure_encryption_enabled": false,
            "is_hns_enabled": false,
            "large_file_share_enabled": null,
            "location": "westeurope",
            "min_tls_version": "TLS1_2",
            "name": "disknamec9309a353abf587d",
            "network_rules": [
              {
                "bypass": [
                  "AzureServices"
                ],
                "default_action": "Allow",
                "ip_rules": [],
                "private_link_access": [],
                "virtual_network_subnet_ids": []
              }
            ],
            "nfsv3_enabled": false,
            "primary_access_key": "q2G1pVqd+86s214WJShYvT7KmC/g4aFy12tI6gcPTm6r5CkG0LWhC5GNK69M2+TW6TMMzKbeLOnU+AStFwJBBw==",
            "primary_blob_connection_string": "DefaultEndpointsProtocol=https;BlobEndpoint=https://disknamec9309a353abf587d.blob.core.windows.net/;AccountName=disknamec9309a353abf587d;AccountKey=q2G1pVqd+86s214WJShYvT7KmC/g4aFy12tI6gcPTm6r5CkG0LWhC5GNK69M2+TW6TMMzKbeLOnU+AStFwJBBw==",
            "primary_blob_endpoint": "https://disknamec9309a353abf587d.blob.core.windows.net/",
            "primary_blob_host": "disknamec9309a353abf587d.blob.core.windows.net",
            "primary_connection_string": "DefaultEndpointsProtocol=https;AccountName=disknamec9309a353abf587d;AccountKey=q2G1pVqd+86s214WJShYvT7KmC/g4aFy12tI6gcPTm6r5CkG0LWhC5GNK69M2+TW6TMMzKbeLOnU+AStFwJBBw==;EndpointSuffix=core.windows.net",
            "primary_dfs_endpoint": "https://disknamec9309a353abf587d.dfs.core.windows.net/",
            "primary_dfs_host": "disknamec9309a353abf587d.dfs.core.windows.net",
            "primary_file_endpoint": "https://disknamec9309a353abf587d.file.core.windows.net/",
            "primary_file_host": "disknamec9309a353abf587d.file.core.windows.net",
            "primary_location": "westeurope",
            "primary_queue_endpoint": "https://disknamec9309a353abf587d.queue.core.windows.net/",
            "primary_queue_host": "disknamec9309a353abf587d.queue.core.windows.net",
            "primary_table_endpoint": "https://disknamec9309a353abf587d.table.core.windows.net/",
            "primary_table_host": "disknamec9309a353abf587d.table.core.windows.net",
            "primary_web_endpoint": "https://disknamec9309a353abf587d.z6.web.core.windows.net/",
            "primary_web_host": "disknamec9309a353abf587d.z6.web.core.windows.net",
            "public_network_access_enabled": true,
            "queue_encryption_key_type": "Service",
            "queue_properties": [
              {
                "cors_rule": [],
                "hour_metrics": [
                  {
                    "enabled": true,
                    "include_apis": true,
                    "retention_policy_days": 7,
                    "version": "1.0"
                  }
                ],
                "logging": [
                  {
                    "delete": false,
                    "read": false,
                    "retention_policy_days": 0,
                    "version": "1.0",
                    "write": false
                  }
                ],
                "minute_metrics": [
                  {
                    "enabled": false,
                    "include_apis": false,
                    "retention_policy_days": 0,
                    "version": "1.0"
                  }
                ]
              }
            ],
            "resource_group_name": "example-resources",
            "routing": [],
            "sas_policy": [],
            "secondary_access_key": "Ou2JBdGdR633nuaOzRbar1n/XaMz9ulJG7lUvtp4ytKDui2YEcmfyW+uoCtT6bTaCTEyv+Iw8fCU+AStvPrGsw==",
            "secondary_blob_connection_string": "",
            "secondary_blob_endpoint": null,
            "secondary_blob_host": null,
            "secondary_connection_string": "DefaultEndpointsProtocol=https;AccountName=disknamec9309a353abf587d;AccountKey=Ou2JBdGdR633nuaOzRbar1n/XaMz9ulJG7lUvtp4ytKDui2YEcmfyW+uoCtT6bTaCTEyv+Iw8fCU+AStvPrGsw==;EndpointSuffix=core.windows.net",
            "secondary_dfs_endpoint": null,
            "secondary_dfs_host": null,
            "secondary_file_endpoint": null,
            "secondary_file_host": null,
            "secondary_location": "northeurope",
            "secondary_queue_endpoint": null,
            "secondary_queue_host": null,
            "secondary_table_endpoint": null,
            "secondary_table_host": null,
            "secondary_web_endpoint": null,
            "secondary_web_host": null,
            "sftp_enabled": false,
            "share_properties": [
              {
                "cors_rule": [],
                "retention_policy": [
                  {
                    "days": 7
                  }
                ],
                "smb": []
              }
            ],
            "shared_access_key_enabled": true,
            "static_website": [],
            "table_encryption_key_type": "Service",
            "tags": {
              "environment": "staging"
            },
            "timeouts": null
          },
          "sensitive_attributes": [],
          "private": "eyJlMmJmYjczMC1lY2FhLTExZTYtOGY4OC0zNDM2M2JjN2M0YzAiOnsiY3JlYXRlIjozNjAwMDAwMDAwMDAwLCJkZWxldGUiOjM2MDAwMDAwMDAwMDAsInJlYWQiOjMwMDAwMDAwMDAwMCwidXBkYXRlIjozNjAwMDAwMDAwMDAwfSwic2NoZW1hX3ZlcnNpb24iOiIzIn0=",
          "dependencies": [
            "azurerm_resource_group.example",
            "random_id.sa"
          ]
        }
      ]
    },
    {
      "mode": "managed",
      "type": "random_id",
      "name": "sa",
      "provider": "provider[\"registry.terraform.io/hashicorp/random\"]",
      "instances": [
        {
          "schema_version": 0,
          "attributes": {
            "b64_std": "yTCaNTq/WH0=",
            "b64_url": "yTCaNTq_WH0",
            "byte_length": 8,
            "dec": "14497256753915189373",
            "hex": "c9309a353abf587d",
            "id": "yTCaNTq_WH0",
            "keepers": {
              "resource_group": "example-resources"
            },
            "prefix": null
          },
          "sensitive_attributes": [],
          "dependencies": [
            "azurerm_resource_group.example"
          ]
        }
      ]
    }
  ],
  "check_results": null
}
